
Microsoft Visual Studio Solution File, Format Version 12.00
# Visual Studio Version 17
VisualStudioVersion = 17.9.34728.123
MinimumVisualStudioVersion = 10.0.40219.1
Project("{FAE04EC0-301F-11D3-BF4B-00C04F79EFBC}") = "Ejercicio#7", "Ejercicio#7\Ejercicio#7.csproj", "{A759173B-9C86-4140-90DD-6238EE818B25}"
EndProject
Global
	GlobalSection(SolutionConfigurationPlatforms) = preSolution
		Debug|Any CPU = Debug|Any CPU
		Release|Any CPU = Release|Any CPU
	EndGlobalSection
	GlobalSection(ProjectConfigurationPlatforms) = postSolution
		{A759173B-9C86-4140-90DD-6238EE818B25}.Debug|Any CPU.ActiveCfg = Debug|Any CPU
		{A759173B-9C86-4140-90DD-6238EE818B25}.Debug|Any CPU.Build.0 = Debug|Any CPU
		{A759173B-9C86-4140-90DD-6238EE818B25}.Release|Any CPU.ActiveCfg = Release|Any CPU
		{A759173B-9C86-4140-90DD-6238EE818B25}.Release|Any CPU.Build.0 = Release|Any CPU
	EndGlobalSection
	GlobalSection(SolutionProperties) = preSolution
		HideSolutionNode = FALSE
	EndGlobalSection
	GlobalSection(ExtensibilityGlobals) = postSolution
		SolutionGuid = {23853E82-DD13-4B37-9444-5702C50FC952}
	EndGlobalSection
EndGlobal
